{
  "R": {
    "Version": "4.3.0",
    "Repositories": [
      {
        "Name": "CRAN",
        "URL": "https://cran.rstudio.com"
      }
    ]
  },
  "Packages": {
    "hsdar": {
      "Package": "hsdar",
      "Version": "1.0.4",
      "Source": "Repository",
      "Repository": "CRAN"
    },
    "hyperSpec": {
      "Package": "hyperSpec",
      "Version": "0.100.0",
      "Source": "Repository",
      "Repository": "CRAN"
    },
    "terra": {
      "Package": "terra",
      "Version": "1.7-39",
      "Source": "Repository",
      "Repository": "CRAN"
    },
    "sf": {
      "Package": "sf",
      "Version": "1.0-14",
      "Source": "Repository",
      "Repository": "CRAN"
    },
    "dplyr": {
      "Package": "dplyr",
      "Version": "1.1.2",
      "Source": "Repository",
      "Repository": "CRAN"
    },
    "ggplot2": {
      "Package": "ggplot2",
      "Version": "3.4.2",
      "Source": "Repository",
      "Repository": "CRAN"
    },
    "httr": {
      "Package": "httr",
      "Version": "1.4.6",
      "Source": "Repository",
      "Repository": "CRAN"
    },
    "jsonlite": {
      "Package": "jsonlite",
      "Version": "1.8.7",
      "Source": "Repository",
      "Repository": "CRAN"
    },
    "yaml": {
      "Package": "yaml",
      "Version": "2.3.7",
      "Source": "Repository",
      "Repository": "CRAN"
    },
    "caret": {
      "Package": "caret",
      "Version": "6.0-94",
      "Source": "Repository",
      "Repository": "CRAN"
    },
    "randomForest": {
      "Package": "randomForest",
      "Version": "4.7-1.1",
      "Source": "Repository",
      "Repository": "CRAN"
    },
    "signal": {
      "Package": "signal",
      "Version": "0.7-7",
      "Source": "Repository",
      "Repository": "CRAN"
    },
    "prospectr": {
      "Package": "prospectr",
      "Version": "0.2.6",
      "Source": "Repository",
      "Repository": "CRAN"
    }
  }
} 